
Microsoft Visual Studio Solution File, Format Version 12.00
# Visual Studio Version 17
VisualStudioVersion = 17.4.33205.214
MinimumVisualStudioVersion = 10.0.40219.1
Project("{FAE04EC0-301F-11D3-BF4B-00C04F79EFBC}") = "project_1_Elemendid.Android", "project_1_Elemendid.Android\project_1_Elemendid.Android.csproj", "{F5BBA170-ECD6-4B5E-82C8-42748702A3BE}"
EndProject
Project("{FAE04EC0-301F-11D3-BF4B-00C04F79EFBC}") = "project_1_Elemendid", "project_1_Elemendid\project_1_Elemendid.csproj", "{AF95D54E-AC18-43BA-AFE5-FED10B6548FF}"
EndProject
Global
	GlobalSection(SolutionConfigurationPlatforms) = preSolution
		Debug|Any CPU = Debug|Any CPU
		Release|Any CPU = Release|Any CPU
	EndGlobalSection
	GlobalSection(ProjectConfigurationPlatforms) = postSolution
		{F5BBA170-ECD6-4B5E-82C8-42748702A3BE}.Debug|Any CPU.ActiveCfg = Debug|Any CPU
		{F5BBA170-ECD6-4B5E-82C8-42748702A3BE}.Debug|Any CPU.Build.0 = Debug|Any CPU
		{F5BBA170-ECD6-4B5E-82C8-42748702A3BE}.Debug|Any CPU.Deploy.0 = Debug|Any CPU
		{F5BBA170-ECD6-4B5E-82C8-42748702A3BE}.Release|Any CPU.ActiveCfg = Release|Any CPU
		{F5BBA170-ECD6-4B5E-82C8-42748702A3BE}.Release|Any CPU.Build.0 = Release|Any CPU
		{F5BBA170-ECD6-4B5E-82C8-42748702A3BE}.Release|Any CPU.Deploy.0 = Release|Any CPU
		{AF95D54E-AC18-43BA-AFE5-FED10B6548FF}.Debug|Any CPU.ActiveCfg = Debug|Any CPU
		{AF95D54E-AC18-43BA-AFE5-FED10B6548FF}.Debug|Any CPU.Build.0 = Debug|Any CPU
		{AF95D54E-AC18-43BA-AFE5-FED10B6548FF}.Debug|Any CPU.Deploy.0 = Debug|Any CPU
		{AF95D54E-AC18-43BA-AFE5-FED10B6548FF}.Release|Any CPU.ActiveCfg = Release|Any CPU
		{AF95D54E-AC18-43BA-AFE5-FED10B6548FF}.Release|Any CPU.Build.0 = Release|Any CPU
		{AF95D54E-AC18-43BA-AFE5-FED10B6548FF}.Release|Any CPU.Deploy.0 = Release|Any CPU
	EndGlobalSection
	GlobalSection(SolutionProperties) = preSolution
		HideSolutionNode = FALSE
	EndGlobalSection
	GlobalSection(ExtensibilityGlobals) = postSolution
		SolutionGuid = {4DA5E823-8471-4B44-80EF-306BFFD865A7}
	EndGlobalSection
EndGlobal
